
Microsoft Visual Studio Solution File, Format Version 12.00
# Visual Studio 15
Project("{FAE04EC0-301F-11D3-BF4B-00C04F79EFBC}") = "Assembly-CSharp-firstpass", "Assembly-CSharp-firstpass.csproj", "{7FCA798C-68C3-E846-F5E3-0247F142A28D}"
EndProject
Project("{FAE04EC0-301F-11D3-BF4B-00C04F79EFBC}") = "Assembly-CSharp", "Assembly-CSharp.csproj", "{6EE888BF-4204-4F7B-F1C8-69A3AA1A2131}"
EndProject
Project("{FAE04EC0-301F-11D3-BF4B-00C04F79EFBC}") = "Assembly-CSharp-Editor", "Assembly-CSharp-Editor.csproj", "{6BD8B32D-552C-77B2-BAEB-36548522517B}"
EndProject
Global
	GlobalSection(SolutionConfigurationPlatforms) = preSolution
		Debug|Any CPU = Debug|Any CPU
		Release|Any CPU = Release|Any CPU
	EndGlobalSection
	GlobalSection(ProjectConfigurationPlatforms) = postSolution
		{7FCA798C-68C3-E846-F5E3-0247F142A28D}.Debug|Any CPU.ActiveCfg = Debug|Any CPU
		{7FCA798C-68C3-E846-F5E3-0247F142A28D}.Debug|Any CPU.Build.0 = Debug|Any CPU
		{7FCA798C-68C3-E846-F5E3-0247F142A28D}.Release|Any CPU.ActiveCfg = Release|Any CPU
		{7FCA798C-68C3-E846-F5E3-0247F142A28D}.Release|Any CPU.Build.0 = Release|Any CPU
		{6EE888BF-4204-4F7B-F1C8-69A3AA1A2131}.Debug|Any CPU.ActiveCfg = Debug|Any CPU
		{6EE888BF-4204-4F7B-F1C8-69A3AA1A2131}.Debug|Any CPU.Build.0 = Debug|Any CPU
		{6EE888BF-4204-4F7B-F1C8-69A3AA1A2131}.Release|Any CPU.ActiveCfg = Release|Any CPU
		{6EE888BF-4204-4F7B-F1C8-69A3AA1A2131}.Release|Any CPU.Build.0 = Release|Any CPU
		{6BD8B32D-552C-77B2-BAEB-36548522517B}.Debug|Any CPU.ActiveCfg = Debug|Any CPU
		{6BD8B32D-552C-77B2-BAEB-36548522517B}.Debug|Any CPU.Build.0 = Debug|Any CPU
		{6BD8B32D-552C-77B2-BAEB-36548522517B}.Release|Any CPU.ActiveCfg = Release|Any CPU
		{6BD8B32D-552C-77B2-BAEB-36548522517B}.Release|Any CPU.Build.0 = Release|Any CPU
	EndGlobalSection
	GlobalSection(SolutionProperties) = preSolution
		HideSolutionNode = FALSE
	EndGlobalSection
EndGlobal
